// !$*UTF8*$!
{
	archiveVersion = 1;
	classes = {
	};
	objectVersion = 56;
	objects = {

/* Begin PBXBuildFile section */
		31036C8D2BFA9C5F00604902 /* MainCardView.swift in Sources */ = {isa = PBXBuildFile; fileRef = 31036C8C2BFA9C5F00604902 /* MainCardView.swift */; };
		31036C902BFA9DEC00604902 /* String+Ext.swift in Sources */ = {isa = PBXBuildFile; fileRef = 31036C8F2BFA9DEC00604902 /* String+Ext.swift */; };
		3181D1F12BFB2CD800C40722 /* TextModifier.swift in Sources */ = {isa = PBXBuildFile; fileRef = 3181D1F02BFB2CD800C40722 /* TextModifier.swift */; };
		3181D1F32BFB2CEC00C40722 /* ButtonModifier.swift in Sources */ = {isa = PBXBuildFile; fileRef = 3181D1F22BFB2CEC00C40722 /* ButtonModifier.swift */; };
		3181D1F52BFB2D0700C40722 /* SymbolModifier.swift in Sources */ = {isa = PBXBuildFile; fileRef = 3181D1F42BFB2D0700C40722 /* SymbolModifier.swift */; };
		3181D1F72BFB2D4E00C40722 /* AnyTransition+Ext.swift in Sources */ = {isa = PBXBuildFile; fileRef = 3181D1F62BFB2D4E00C40722 /* AnyTransition+Ext.swift */; };
		3181D1F92BFB2D9600C40722 /* DragState.swift in Sources */ = {isa = PBXBuildFile; fileRef = 3181D1F82BFB2D9600C40722 /* DragState.swift */; };
		3181D1FF2BFB3EDB00C40722 /* MainFooterView.swift in Sources */ = {isa = PBXBuildFile; fileRef = 3181D1FE2BFB3EDB00C40722 /* MainFooterView.swift */; };
		3181D2012BFB43B900C40722 /* Color+Ext.swift in Sources */ = {isa = PBXBuildFile; fileRef = 3181D2002BFB43B900C40722 /* Color+Ext.swift */; };
		3181D2032BFB468B00C40722 /* MainHeaderView.swift in Sources */ = {isa = PBXBuildFile; fileRef = 3181D2022BFB468B00C40722 /* MainHeaderView.swift */; };
		31B6773C2BFC7410005223DC /* FavoriteView.swift in Sources */ = {isa = PBXBuildFile; fileRef = 31B6773B2BFC7410005223DC /* FavoriteView.swift */; };
		31B677402BFC761F005223DC /* HeaderSwipeBar.swift in Sources */ = {isa = PBXBuildFile; fileRef = 31B6773F2BFC761F005223DC /* HeaderSwipeBar.swift */; };
		31B677422BFC7B1D005223DC /* MiniMovieCardButton.swift in Sources */ = {isa = PBXBuildFile; fileRef = 31B677412BFC7B1D005223DC /* MiniMovieCardButton.swift */; };
		31B677442BFC81BC005223DC /* DetailView.swift in Sources */ = {isa = PBXBuildFile; fileRef = 31B677432BFC81BC005223DC /* DetailView.swift */; };
		31B677462BFC9BA5005223DC /* DetailCardView.swift in Sources */ = {isa = PBXBuildFile; fileRef = 31B677452BFC9BA5005223DC /* DetailCardView.swift */; };
		31B677482BFCC8FE005223DC /* FavoriteHeaderView.swift in Sources */ = {isa = PBXBuildFile; fileRef = 31B677472BFCC8FE005223DC /* FavoriteHeaderView.swift */; };
		31B6774C2BFCE13A005223DC /* MovieManagerTests.swift in Sources */ = {isa = PBXBuildFile; fileRef = 31B6774B2BFCE13A005223DC /* MovieManagerTests.swift */; };
		31B677502BFCFCC4005223DC /* SettingsView.swift in Sources */ = {isa = PBXBuildFile; fileRef = 31B6774F2BFCFCC4005223DC /* SettingsView.swift */; };
		31B677542BFD0AB2005223DC /* AppearanceMode.swift in Sources */ = {isa = PBXBuildFile; fileRef = 31B677532BFD0AB2005223DC /* AppearanceMode.swift */; };
		31D2E2872BFF58FC00C0AD63 /* Double+Ext.swift in Sources */ = {isa = PBXBuildFile; fileRef = 31D2E2862BFF58FC00C0AD63 /* Double+Ext.swift */; };
		31D2E2932BFF780400C0AD63 /* WidgetKit.framework in Frameworks */ = {isa = PBXBuildFile; fileRef = 31D2E2922BFF780300C0AD63 /* WidgetKit.framework */; };
		31D2E2952BFF780400C0AD63 /* SwiftUI.framework in Frameworks */ = {isa = PBXBuildFile; fileRef = 31D2E2942BFF780400C0AD63 /* SwiftUI.framework */; };
		31D2E2982BFF780400C0AD63 /* WidgetsBundle.swift in Sources */ = {isa = PBXBuildFile; fileRef = 31D2E2972BFF780400C0AD63 /* WidgetsBundle.swift */; };
		31D2E29A2BFF780400C0AD63 /* WidgetsLiveActivity.swift in Sources */ = {isa = PBXBuildFile; fileRef = 31D2E2992BFF780400C0AD63 /* WidgetsLiveActivity.swift */; };
		31D2E29C2BFF780400C0AD63 /* Widgets.swift in Sources */ = {isa = PBXBuildFile; fileRef = 31D2E29B2BFF780400C0AD63 /* Widgets.swift */; };
		31D2E29E2BFF780400C0AD63 /* AppIntent.swift in Sources */ = {isa = PBXBuildFile; fileRef = 31D2E29D2BFF780400C0AD63 /* AppIntent.swift */; };
		31D2E2A02BFF780500C0AD63 /* Assets.xcassets in Resources */ = {isa = PBXBuildFile; fileRef = 31D2E29F2BFF780500C0AD63 /* Assets.xcassets */; };
		31D2E2A42BFF780500C0AD63 /* WidgetsExtension.appex in Embed Foundation Extensions */ = {isa = PBXBuildFile; fileRef = 31D2E2902BFF780300C0AD63 /* WidgetsExtension.appex */; settings = {ATTRIBUTES = (RemoveHeadersOnCopy, ); }; };
		31D718432BFBEDCB00C00DC7 /* MovieDetail.swift in Sources */ = {isa = PBXBuildFile; fileRef = 31D718422BFBEDCB00C00DC7 /* MovieDetail.swift */; };
		31E8E3C32BFB7BE500841B95 /* FavoriteMovie.swift in Sources */ = {isa = PBXBuildFile; fileRef = 31E8E3C22BFB7BE400841B95 /* FavoriteMovie.swift */; };
		31F7C8C62BFF1B0700963FF5 /* Localizable.xcstrings in Resources */ = {isa = PBXBuildFile; fileRef = 31F7C8C52BFF1B0600963FF5 /* Localizable.xcstrings */; };
		31F7C8C82BFF1F6400963FF5 /* LocaleIdentifier.swift in Sources */ = {isa = PBXBuildFile; fileRef = 31F7C8C72BFF1F6400963FF5 /* LocaleIdentifier.swift */; };
		31F7C8CA2BFF26AF00963FF5 /* Language.swift in Sources */ = {isa = PBXBuildFile; fileRef = 31F7C8C92BFF26AF00963FF5 /* Language.swift */; };
		31FD8F9C2BFA694D00F03252 /* swiftui_movie_matchApp.swift in Sources */ = {isa = PBXBuildFile; fileRef = 31FD8F9B2BFA694D00F03252 /* swiftui_movie_matchApp.swift */; };
		31FD8F9E2BFA694D00F03252 /* MainView.swift in Sources */ = {isa = PBXBuildFile; fileRef = 31FD8F9D2BFA694D00F03252 /* MainView.swift */; };
		31FD8FA22BFA694F00F03252 /* Assets.xcassets in Resources */ = {isa = PBXBuildFile; fileRef = 31FD8FA12BFA694F00F03252 /* Assets.xcassets */; };
		31FD8FA52BFA694F00F03252 /* Preview Assets.xcassets in Resources */ = {isa = PBXBuildFile; fileRef = 31FD8FA42BFA694F00F03252 /* Preview Assets.xcassets */; };
		31FD8FAF2BFA694F00F03252 /* swiftui_movie_matchTests.swift in Sources */ = {isa = PBXBuildFile; fileRef = 31FD8FAE2BFA694F00F03252 /* swiftui_movie_matchTests.swift */; };
		31FD8FB92BFA694F00F03252 /* swiftui_movie_matchUITests.swift in Sources */ = {isa = PBXBuildFile; fileRef = 31FD8FB82BFA694F00F03252 /* swiftui_movie_matchUITests.swift */; };
		31FD8FBB2BFA694F00F03252 /* swiftui_movie_matchUITestsLaunchTests.swift in Sources */ = {isa = PBXBuildFile; fileRef = 31FD8FBA2BFA694F00F03252 /* swiftui_movie_matchUITestsLaunchTests.swift */; };
		31FD8FC82BFA771E00F03252 /* Constants.swift in Sources */ = {isa = PBXBuildFile; fileRef = 31FD8FC72BFA771E00F03252 /* Constants.swift */; };
		31FD8FCF2BFA800500F03252 /* Endpoint.swift in Sources */ = {isa = PBXBuildFile; fileRef = 31FD8FCE2BFA800500F03252 /* Endpoint.swift */; };
		31FD8FD12BFA801600F03252 /* Request.swift in Sources */ = {isa = PBXBuildFile; fileRef = 31FD8FD02BFA801600F03252 /* Request.swift */; };
		31FD8FD32BFA802200F03252 /* APIs.swift in Sources */ = {isa = PBXBuildFile; fileRef = 31FD8FD22BFA802200F03252 /* APIs.swift */; };
		31FD8FD62BFA813000F03252 /* QueryString+Ext.swift in Sources */ = {isa = PBXBuildFile; fileRef = 31FD8FD52BFA813000F03252 /* QueryString+Ext.swift */; };
		31FD8FD82BFA813D00F03252 /* DecodingKey.swift in Sources */ = {isa = PBXBuildFile; fileRef = 31FD8FD72BFA813D00F03252 /* DecodingKey.swift */; };
		31FD8FDC2BFA86CA00F03252 /* Movie.swift in Sources */ = {isa = PBXBuildFile; fileRef = 31FD8FDB2BFA86CA00F03252 /* Movie.swift */; };
		31FD8FDE2BFA86E100F03252 /* MovieResponse.swift in Sources */ = {isa = PBXBuildFile; fileRef = 31FD8FDD2BFA86E100F03252 /* MovieResponse.swift */; };
		31FD8FE12BFA8EA800F03252 /* MovieManager.swift in Sources */ = {isa = PBXBuildFile; fileRef = 31FD8FE02BFA8EA800F03252 /* MovieManager.swift */; };
/* End PBXBuildFile section */

/* Begin PBXContainerItemProxy section */
		31D2E2A22BFF780500C0AD63 /* PBXContainerItemProxy */ = {
			isa = PBXContainerItemProxy;
			containerPortal = 31FD8F902BFA694D00F03252 /* Project object */;
			proxyType = 1;
			remoteGlobalIDString = 31D2E28F2BFF780300C0AD63;
			remoteInfo = WidgetsExtension;
		};
		31FD8FAB2BFA694F00F03252 /* PBXContainerItemProxy */ = {
			isa = PBXContainerItemProxy;
			containerPortal = 31FD8F902BFA694D00F03252 /* Project object */;
			proxyType = 1;
			remoteGlobalIDString = 31FD8F972BFA694D00F03252;
			remoteInfo = "swiftui-movie-match";
		};
		31FD8FB52BFA694F00F03252 /* PBXContainerItemProxy */ = {
			isa = PBXContainerItemProxy;
			containerPortal = 31FD8F902BFA694D00F03252 /* Project object */;
			proxyType = 1;
			remoteGlobalIDString = 31FD8F972BFA694D00F03252;
			remoteInfo = "swiftui-movie-match";
		};
/* End PBXContainerItemProxy section */

/* Begin PBXCopyFilesBuildPhase section */
		31D2E2A82BFF780500C0AD63 /* Embed Foundation Extensions */ = {
			isa = PBXCopyFilesBuildPhase;
			buildActionMask = 2147483647;
			dstPath = "";
			dstSubfolderSpec = 13;
			files = (
				31D2E2A42BFF780500C0AD63 /* WidgetsExtension.appex in Embed Foundation Extensions */,
			);
			name = "Embed Foundation Extensions";
			runOnlyForDeploymentPostprocessing = 0;
		};
/* End PBXCopyFilesBuildPhase section */

/* Begin PBXFileReference section */
		31036C8C2BFA9C5F00604902 /* MainCardView.swift */ = {isa = PBXFileReference; lastKnownFileType = sourcecode.swift; path = MainCardView.swift; sourceTree = "<group>"; };
		31036C8F2BFA9DEC00604902 /* String+Ext.swift */ = {isa = PBXFileReference; lastKnownFileType = sourcecode.swift; path = "String+Ext.swift"; sourceTree = "<group>"; };
		3181D1F02BFB2CD800C40722 /* TextModifier.swift */ = {isa = PBXFileReference; lastKnownFileType = sourcecode.swift; path = TextModifier.swift; sourceTree = "<group>"; };
		3181D1F22BFB2CEC00C40722 /* ButtonModifier.swift */ = {isa = PBXFileReference; lastKnownFileType = sourcecode.swift; path = ButtonModifier.swift; sourceTree = "<group>"; };
		3181D1F42BFB2D0700C40722 /* SymbolModifier.swift */ = {isa = PBXFileReference; lastKnownFileType = sourcecode.swift; path = SymbolModifier.swift; sourceTree = "<group>"; };
		3181D1F62BFB2D4E00C40722 /* AnyTransition+Ext.swift */ = {isa = PBXFileReference; lastKnownFileType = sourcecode.swift; path = "AnyTransition+Ext.swift"; sourceTree = "<group>"; };
		3181D1F82BFB2D9600C40722 /* DragState.swift */ = {isa = PBXFileReference; lastKnownFileType = sourcecode.swift; path = DragState.swift; sourceTree = "<group>"; };
		3181D1FE2BFB3EDB00C40722 /* MainFooterView.swift */ = {isa = PBXFileReference; lastKnownFileType = sourcecode.swift; path = MainFooterView.swift; sourceTree = "<group>"; };
		3181D2002BFB43B900C40722 /* Color+Ext.swift */ = {isa = PBXFileReference; lastKnownFileType = sourcecode.swift; path = "Color+Ext.swift"; sourceTree = "<group>"; };
		3181D2022BFB468B00C40722 /* MainHeaderView.swift */ = {isa = PBXFileReference; lastKnownFileType = sourcecode.swift; path = MainHeaderView.swift; sourceTree = "<group>"; };
		31B6773B2BFC7410005223DC /* FavoriteView.swift */ = {isa = PBXFileReference; lastKnownFileType = sourcecode.swift; path = FavoriteView.swift; sourceTree = "<group>"; };
		31B6773F2BFC761F005223DC /* HeaderSwipeBar.swift */ = {isa = PBXFileReference; lastKnownFileType = sourcecode.swift; path = HeaderSwipeBar.swift; sourceTree = "<group>"; };
		31B677412BFC7B1D005223DC /* MiniMovieCardButton.swift */ = {isa = PBXFileReference; lastKnownFileType = sourcecode.swift; path = MiniMovieCardButton.swift; sourceTree = "<group>"; };
		31B677432BFC81BC005223DC /* DetailView.swift */ = {isa = PBXFileReference; lastKnownFileType = sourcecode.swift; path = DetailView.swift; sourceTree = "<group>"; };
		31B677452BFC9BA5005223DC /* DetailCardView.swift */ = {isa = PBXFileReference; lastKnownFileType = sourcecode.swift; path = DetailCardView.swift; sourceTree = "<group>"; };
		31B677472BFCC8FE005223DC /* FavoriteHeaderView.swift */ = {isa = PBXFileReference; lastKnownFileType = sourcecode.swift; path = FavoriteHeaderView.swift; sourceTree = "<group>"; };
		31B6774B2BFCE13A005223DC /* MovieManagerTests.swift */ = {isa = PBXFileReference; lastKnownFileType = sourcecode.swift; path = MovieManagerTests.swift; sourceTree = "<group>"; };
		31B6774F2BFCFCC4005223DC /* SettingsView.swift */ = {isa = PBXFileReference; lastKnownFileType = sourcecode.swift; path = SettingsView.swift; sourceTree = "<group>"; };
		31B677532BFD0AB2005223DC /* AppearanceMode.swift */ = {isa = PBXFileReference; lastKnownFileType = sourcecode.swift; path = AppearanceMode.swift; sourceTree = "<group>"; };
		31D2E2862BFF58FC00C0AD63 /* Double+Ext.swift */ = {isa = PBXFileReference; lastKnownFileType = sourcecode.swift; path = "Double+Ext.swift"; sourceTree = "<group>"; };
		31D2E2902BFF780300C0AD63 /* WidgetsExtension.appex */ = {isa = PBXFileReference; explicitFileType = "wrapper.app-extension"; includeInIndex = 0; path = WidgetsExtension.appex; sourceTree = BUILT_PRODUCTS_DIR; };
		31D2E2922BFF780300C0AD63 /* WidgetKit.framework */ = {isa = PBXFileReference; lastKnownFileType = wrapper.framework; name = WidgetKit.framework; path = System/Library/Frameworks/WidgetKit.framework; sourceTree = SDKROOT; };
		31D2E2942BFF780400C0AD63 /* SwiftUI.framework */ = {isa = PBXFileReference; lastKnownFileType = wrapper.framework; name = SwiftUI.framework; path = System/Library/Frameworks/SwiftUI.framework; sourceTree = SDKROOT; };
		31D2E2972BFF780400C0AD63 /* WidgetsBundle.swift */ = {isa = PBXFileReference; lastKnownFileType = sourcecode.swift; path = WidgetsBundle.swift; sourceTree = "<group>"; };
		31D2E2992BFF780400C0AD63 /* WidgetsLiveActivity.swift */ = {isa = PBXFileReference; lastKnownFileType = sourcecode.swift; path = WidgetsLiveActivity.swift; sourceTree = "<group>"; };
		31D2E29B2BFF780400C0AD63 /* Widgets.swift */ = {isa = PBXFileReference; lastKnownFileType = sourcecode.swift; path = Widgets.swift; sourceTree = "<group>"; };
		31D2E29D2BFF780400C0AD63 /* AppIntent.swift */ = {isa = PBXFileReference; lastKnownFileType = sourcecode.swift; path = AppIntent.swift; sourceTree = "<group>"; };
		31D2E29F2BFF780500C0AD63 /* Assets.xcassets */ = {isa = PBXFileReference; lastKnownFileType = folder.assetcatalog; path = Assets.xcassets; sourceTree = "<group>"; };
		31D2E2A12BFF780500C0AD63 /* Info.plist */ = {isa = PBXFileReference; lastKnownFileType = text.plist.xml; path = Info.plist; sourceTree = "<group>"; };
		31D718422BFBEDCB00C00DC7 /* MovieDetail.swift */ = {isa = PBXFileReference; lastKnownFileType = sourcecode.swift; path = MovieDetail.swift; sourceTree = "<group>"; };
		31E8E3C22BFB7BE400841B95 /* FavoriteMovie.swift */ = {isa = PBXFileReference; fileEncoding = 4; lastKnownFileType = sourcecode.swift; path = FavoriteMovie.swift; sourceTree = "<group>"; };
		31F7C8C52BFF1B0600963FF5 /* Localizable.xcstrings */ = {isa = PBXFileReference; lastKnownFileType = text.json.xcstrings; path = Localizable.xcstrings; sourceTree = "<group>"; };
		31F7C8C72BFF1F6400963FF5 /* LocaleIdentifier.swift */ = {isa = PBXFileReference; lastKnownFileType = sourcecode.swift; path = LocaleIdentifier.swift; sourceTree = "<group>"; };
		31F7C8C92BFF26AF00963FF5 /* Language.swift */ = {isa = PBXFileReference; lastKnownFileType = sourcecode.swift; path = Language.swift; sourceTree = "<group>"; };
		31FD8F982BFA694D00F03252 /* swiftui-movie-match.app */ = {isa = PBXFileReference; explicitFileType = wrapper.application; includeInIndex = 0; path = "swiftui-movie-match.app"; sourceTree = BUILT_PRODUCTS_DIR; };
		31FD8F9B2BFA694D00F03252 /* swiftui_movie_matchApp.swift */ = {isa = PBXFileReference; lastKnownFileType = sourcecode.swift; path = swiftui_movie_matchApp.swift; sourceTree = "<group>"; };
		31FD8F9D2BFA694D00F03252 /* MainView.swift */ = {isa = PBXFileReference; lastKnownFileType = sourcecode.swift; path = MainView.swift; sourceTree = "<group>"; };
		31FD8FA12BFA694F00F03252 /* Assets.xcassets */ = {isa = PBXFileReference; lastKnownFileType = folder.assetcatalog; path = Assets.xcassets; sourceTree = "<group>"; };
		31FD8FA42BFA694F00F03252 /* Preview Assets.xcassets */ = {isa = PBXFileReference; lastKnownFileType = folder.assetcatalog; path = "Preview Assets.xcassets"; sourceTree = "<group>"; };
		31FD8FAA2BFA694F00F03252 /* swiftui-movie-matchTests.xctest */ = {isa = PBXFileReference; explicitFileType = wrapper.cfbundle; includeInIndex = 0; path = "swiftui-movie-matchTests.xctest"; sourceTree = BUILT_PRODUCTS_DIR; };
		31FD8FAE2BFA694F00F03252 /* swiftui_movie_matchTests.swift */ = {isa = PBXFileReference; lastKnownFileType = sourcecode.swift; path = swiftui_movie_matchTests.swift; sourceTree = "<group>"; };
		31FD8FB42BFA694F00F03252 /* swiftui-movie-matchUITests.xctest */ = {isa = PBXFileReference; explicitFileType = wrapper.cfbundle; includeInIndex = 0; path = "swiftui-movie-matchUITests.xctest"; sourceTree = BUILT_PRODUCTS_DIR; };
		31FD8FB82BFA694F00F03252 /* swiftui_movie_matchUITests.swift */ = {isa = PBXFileReference; lastKnownFileType = sourcecode.swift; path = swiftui_movie_matchUITests.swift; sourceTree = "<group>"; };
		31FD8FBA2BFA694F00F03252 /* swiftui_movie_matchUITestsLaunchTests.swift */ = {isa = PBXFileReference; lastKnownFileType = sourcecode.swift; path = swiftui_movie_matchUITestsLaunchTests.swift; sourceTree = "<group>"; };
		31FD8FC72BFA771E00F03252 /* Constants.swift */ = {isa = PBXFileReference; lastKnownFileType = sourcecode.swift; path = Constants.swift; sourceTree = "<group>"; };
		31FD8FCE2BFA800500F03252 /* Endpoint.swift */ = {isa = PBXFileReference; lastKnownFileType = sourcecode.swift; path = Endpoint.swift; sourceTree = "<group>"; };
		31FD8FD02BFA801600F03252 /* Request.swift */ = {isa = PBXFileReference; lastKnownFileType = sourcecode.swift; path = Request.swift; sourceTree = "<group>"; };
		31FD8FD22BFA802200F03252 /* APIs.swift */ = {isa = PBXFileReference; lastKnownFileType = sourcecode.swift; path = APIs.swift; sourceTree = "<group>"; };
		31FD8FD52BFA813000F03252 /* QueryString+Ext.swift */ = {isa = PBXFileReference; lastKnownFileType = sourcecode.swift; path = "QueryString+Ext.swift"; sourceTree = "<group>"; };
		31FD8FD72BFA813D00F03252 /* DecodingKey.swift */ = {isa = PBXFileReference; lastKnownFileType = sourcecode.swift; path = DecodingKey.swift; sourceTree = "<group>"; };
		31FD8FDB2BFA86CA00F03252 /* Movie.swift */ = {isa = PBXFileReference; lastKnownFileType = sourcecode.swift; path = Movie.swift; sourceTree = "<group>"; };
		31FD8FDD2BFA86E100F03252 /* MovieResponse.swift */ = {isa = PBXFileReference; lastKnownFileType = sourcecode.swift; path = MovieResponse.swift; sourceTree = "<group>"; };
		31FD8FE02BFA8EA800F03252 /* MovieManager.swift */ = {isa = PBXFileReference; lastKnownFileType = sourcecode.swift; path = MovieManager.swift; sourceTree = "<group>"; };
/* End PBXFileReference section */

/* Begin PBXFrameworksBuildPhase section */
		31D2E28D2BFF780300C0AD63 /* Frameworks */ = {
			isa = PBXFrameworksBuildPhase;
			buildActionMask = 2147483647;
			files = (
				31D2E2952BFF780400C0AD63 /* SwiftUI.framework in Frameworks */,
				31D2E2932BFF780400C0AD63 /* WidgetKit.framework in Frameworks */,
			);
			runOnlyForDeploymentPostprocessing = 0;
		};
		31FD8F952BFA694D00F03252 /* Frameworks */ = {
			isa = PBXFrameworksBuildPhase;
			buildActionMask = 2147483647;
			files = (
			);
			runOnlyForDeploymentPostprocessing = 0;
		};
		31FD8FA72BFA694F00F03252 /* Frameworks */ = {
			isa = PBXFrameworksBuildPhase;
			buildActionMask = 2147483647;
			files = (
			);
			runOnlyForDeploymentPostprocessing = 0;
		};
		31FD8FB12BFA694F00F03252 /* Frameworks */ = {
			isa = PBXFrameworksBuildPhase;
			buildActionMask = 2147483647;
			files = (
			);
			runOnlyForDeploymentPostprocessing = 0;
		};
/* End PBXFrameworksBuildPhase section */

/* Begin PBXGroup section */
		31036C8E2BFA9DD900604902 /* Extension */ = {
			isa = PBXGroup;
			children = (
				31036C8F2BFA9DEC00604902 /* String+Ext.swift */,
				3181D1F62BFB2D4E00C40722 /* AnyTransition+Ext.swift */,
				3181D2002BFB43B900C40722 /* Color+Ext.swift */,
				31D2E2862BFF58FC00C0AD63 /* Double+Ext.swift */,
			);
			path = Extension;
			sourceTree = "<group>";
		};
		3181D1EF2BFB2CB800C40722 /* ViewModifier */ = {
			isa = PBXGroup;
			children = (
				3181D1F02BFB2CD800C40722 /* TextModifier.swift */,
				3181D1F22BFB2CEC00C40722 /* ButtonModifier.swift */,
				3181D1F42BFB2D0700C40722 /* SymbolModifier.swift */,
			);
			path = ViewModifier;
			sourceTree = "<group>";
		};
		31B6773D2BFC7464005223DC /* SubView */ = {
			isa = PBXGroup;
			children = (
				31036C8C2BFA9C5F00604902 /* MainCardView.swift */,
				31B677452BFC9BA5005223DC /* DetailCardView.swift */,
				3181D2022BFB468B00C40722 /* MainHeaderView.swift */,
				3181D1FE2BFB3EDB00C40722 /* MainFooterView.swift */,
				31B677472BFCC8FE005223DC /* FavoriteHeaderView.swift */,
			);
			path = SubView;
			sourceTree = "<group>";
		};
		31B6773E2BFC75F9005223DC /* Component */ = {
			isa = PBXGroup;
			children = (
				31B677412BFC7B1D005223DC /* MiniMovieCardButton.swift */,
				31B6773F2BFC761F005223DC /* HeaderSwipeBar.swift */,
			);
			path = Component;
			sourceTree = "<group>";
		};
		31D2E2912BFF780300C0AD63 /* Frameworks */ = {
			isa = PBXGroup;
			children = (
				31D2E2922BFF780300C0AD63 /* WidgetKit.framework */,
				31D2E2942BFF780400C0AD63 /* SwiftUI.framework */,
			);
			name = Frameworks;
			sourceTree = "<group>";
		};
		31D2E2962BFF780400C0AD63 /* Widgets */ = {
			isa = PBXGroup;
			children = (
				31D2E2972BFF780400C0AD63 /* WidgetsBundle.swift */,
				31D2E2992BFF780400C0AD63 /* WidgetsLiveActivity.swift */,
				31D2E29B2BFF780400C0AD63 /* Widgets.swift */,
				31D2E29D2BFF780400C0AD63 /* AppIntent.swift */,
				31D2E29F2BFF780500C0AD63 /* Assets.xcassets */,
				31D2E2A12BFF780500C0AD63 /* Info.plist */,
			);
			path = Widgets;
			sourceTree = "<group>";
		};
		31F7C8CB2BFF26FF00963FF5 /* Enums */ = {
			isa = PBXGroup;
			children = (
				3181D1F82BFB2D9600C40722 /* DragState.swift */,
				31F7C8C72BFF1F6400963FF5 /* LocaleIdentifier.swift */,
				31B677532BFD0AB2005223DC /* AppearanceMode.swift */,
				31F7C8C92BFF26AF00963FF5 /* Language.swift */,
			);
			path = Enums;
			sourceTree = "<group>";
		};
		31F7C8CC2BFF271000963FF5 /* Data */ = {
			isa = PBXGroup;
			children = (
				31E8E3C22BFB7BE400841B95 /* FavoriteMovie.swift */,
			);
			path = Data;
			sourceTree = "<group>";
		};
		31FD8F8F2BFA694D00F03252 = {
			isa = PBXGroup;
			children = (
				31FD8F9A2BFA694D00F03252 /* swiftui-movie-match */,
				31FD8FAD2BFA694F00F03252 /* swiftui-movie-matchTests */,
				31FD8FB72BFA694F00F03252 /* swiftui-movie-matchUITests */,
				31D2E2962BFF780400C0AD63 /* Widgets */,
				31D2E2912BFF780300C0AD63 /* Frameworks */,
				31FD8F992BFA694D00F03252 /* Products */,
			);
			sourceTree = "<group>";
		};
		31FD8F992BFA694D00F03252 /* Products */ = {
			isa = PBXGroup;
			children = (
				31FD8F982BFA694D00F03252 /* swiftui-movie-match.app */,
				31FD8FAA2BFA694F00F03252 /* swiftui-movie-matchTests.xctest */,
				31FD8FB42BFA694F00F03252 /* swiftui-movie-matchUITests.xctest */,
				31D2E2902BFF780300C0AD63 /* WidgetsExtension.appex */,
			);
			name = Products;
			sourceTree = "<group>";
		};
		31FD8F9A2BFA694D00F03252 /* swiftui-movie-match */ = {
			isa = PBXGroup;
			children = (
				31036C8E2BFA9DD900604902 /* Extension */,
				31FD8FCA2BFA7F3B00F03252 /* Model */,
				31FD8FCB2BFA7F5000F03252 /* View Model */,
				31FD8FCC2BFA7F5C00F03252 /* View */,
				31FD8FC92BFA7F3600F03252 /* API Service */,
				31FD8F9B2BFA694D00F03252 /* swiftui_movie_matchApp.swift */,
				31FD8FA12BFA694F00F03252 /* Assets.xcassets */,
				31FD8FA32BFA694F00F03252 /* Preview Content */,
				31FD8FC72BFA771E00F03252 /* Constants.swift */,
				31F7C8C52BFF1B0600963FF5 /* Localizable.xcstrings */,
			);
			path = "swiftui-movie-match";
			sourceTree = "<group>";
		};
		31FD8FA32BFA694F00F03252 /* Preview Content */ = {
			isa = PBXGroup;
			children = (
				31FD8FA42BFA694F00F03252 /* Preview Assets.xcassets */,
			);
			path = "Preview Content";
			sourceTree = "<group>";
		};
		31FD8FAD2BFA694F00F03252 /* swiftui-movie-matchTests */ = {
			isa = PBXGroup;
			children = (
				31FD8FAE2BFA694F00F03252 /* swiftui_movie_matchTests.swift */,
				31B6774B2BFCE13A005223DC /* MovieManagerTests.swift */,
			);
			path = "swiftui-movie-matchTests";
			sourceTree = "<group>";
		};
		31FD8FB72BFA694F00F03252 /* swiftui-movie-matchUITests */ = {
			isa = PBXGroup;
			children = (
				31FD8FB82BFA694F00F03252 /* swiftui_movie_matchUITests.swift */,
				31FD8FBA2BFA694F00F03252 /* swiftui_movie_matchUITestsLaunchTests.swift */,
			);
			path = "swiftui-movie-matchUITests";
			sourceTree = "<group>";
		};
		31FD8FC92BFA7F3600F03252 /* API Service */ = {
			isa = PBXGroup;
			children = (
				31FD8FD22BFA802200F03252 /* APIs.swift */,
				31FD8FCE2BFA800500F03252 /* Endpoint.swift */,
				31FD8FD02BFA801600F03252 /* Request.swift */,
				31FD8FD42BFA810D00F03252 /* Ext */,
			);
			path = "API Service";
			sourceTree = "<group>";
		};
		31FD8FCA2BFA7F3B00F03252 /* Model */ = {
			isa = PBXGroup;
			children = (
				31FD8FDF2BFA870400F03252 /* API Response */,
				31F7C8CC2BFF271000963FF5 /* Data */,
				31F7C8CB2BFF26FF00963FF5 /* Enums */,
			);
			path = Model;
			sourceTree = "<group>";
		};
		31FD8FCB2BFA7F5000F03252 /* View Model */ = {
			isa = PBXGroup;
			children = (
				31FD8FE02BFA8EA800F03252 /* MovieManager.swift */,
			);
			path = "View Model";
			sourceTree = "<group>";
		};
		31FD8FCC2BFA7F5C00F03252 /* View */ = {
			isa = PBXGroup;
			children = (
				31FD8F9D2BFA694D00F03252 /* MainView.swift */,
				31B6773B2BFC7410005223DC /* FavoriteView.swift */,
				31B677432BFC81BC005223DC /* DetailView.swift */,
				31B6774F2BFCFCC4005223DC /* SettingsView.swift */,
				31B6773D2BFC7464005223DC /* SubView */,
				31B6773E2BFC75F9005223DC /* Component */,
				3181D1EF2BFB2CB800C40722 /* ViewModifier */,
			);
			path = View;
			sourceTree = "<group>";
		};
		31FD8FD42BFA810D00F03252 /* Ext */ = {
			isa = PBXGroup;
			children = (
				31FD8FD52BFA813000F03252 /* QueryString+Ext.swift */,
				31FD8FD72BFA813D00F03252 /* DecodingKey.swift */,
			);
			path = Ext;
			sourceTree = "<group>";
		};
		31FD8FDF2BFA870400F03252 /* API Response */ = {
			isa = PBXGroup;
			children = (
				31FD8FDB2BFA86CA00F03252 /* Movie.swift */,
				31FD8FDD2BFA86E100F03252 /* MovieResponse.swift */,
				31D718422BFBEDCB00C00DC7 /* MovieDetail.swift */,
			);
			path = "API Response";
			sourceTree = "<group>";
		};
/* End PBXGroup section */

/* Begin PBXNativeTarget section */
		31D2E28F2BFF780300C0AD63 /* WidgetsExtension */ = {
			isa = PBXNativeTarget;
			buildConfigurationList = 31D2E2A52BFF780500C0AD63 /* Build configuration list for PBXNativeTarget "WidgetsExtension" */;
			buildPhases = (
				31D2E28C2BFF780300C0AD63 /* Sources */,
				31D2E28D2BFF780300C0AD63 /* Frameworks */,
				31D2E28E2BFF780300C0AD63 /* Resources */,
			);
			buildRules = (
			);
			dependencies = (
			);
			name = WidgetsExtension;
			productName = WidgetsExtension;
			productReference = 31D2E2902BFF780300C0AD63 /* WidgetsExtension.appex */;
			productType = "com.apple.product-type.app-extension";
		};
		31FD8F972BFA694D00F03252 /* swiftui-movie-match */ = {
			isa = PBXNativeTarget;
			buildConfigurationList = 31FD8FBE2BFA694F00F03252 /* Build configuration list for PBXNativeTarget "swiftui-movie-match" */;
			buildPhases = (
				31FD8F942BFA694D00F03252 /* Sources */,
				31FD8F952BFA694D00F03252 /* Frameworks */,
				31FD8F962BFA694D00F03252 /* Resources */,
				31D2E2A82BFF780500C0AD63 /* Embed Foundation Extensions */,
			);
			buildRules = (
			);
			dependencies = (
				31D2E2A32BFF780500C0AD63 /* PBXTargetDependency */,
			);
			name = "swiftui-movie-match";
			productName = "swiftui-movie-match";
			productReference = 31FD8F982BFA694D00F03252 /* swiftui-movie-match.app */;
			productType = "com.apple.product-type.application";
		};
		31FD8FA92BFA694F00F03252 /* swiftui-movie-matchTests */ = {
			isa = PBXNativeTarget;
			buildConfigurationList = 31FD8FC12BFA694F00F03252 /* Build configuration list for PBXNativeTarget "swiftui-movie-matchTests" */;
			buildPhases = (
				31FD8FA62BFA694F00F03252 /* Sources */,
				31FD8FA72BFA694F00F03252 /* Frameworks */,
				31FD8FA82BFA694F00F03252 /* Resources */,
			);
			buildRules = (
			);
			dependencies = (
				31FD8FAC2BFA694F00F03252 /* PBXTargetDependency */,
			);
			name = "swiftui-movie-matchTests";
			productName = "swiftui-movie-matchTests";
			productReference = 31FD8FAA2BFA694F00F03252 /* swiftui-movie-matchTests.xctest */;
			productType = "com.apple.product-type.bundle.unit-test";
		};
		31FD8FB32BFA694F00F03252 /* swiftui-movie-matchUITests */ = {
			isa = PBXNativeTarget;
			buildConfigurationList = 31FD8FC42BFA694F00F03252 /* Build configuration list for PBXNativeTarget "swiftui-movie-matchUITests" */;
			buildPhases = (
				31FD8FB02BFA694F00F03252 /* Sources */,
				31FD8FB12BFA694F00F03252 /* Frameworks */,
				31FD8FB22BFA694F00F03252 /* Resources */,
			);
			buildRules = (
			);
			dependencies = (
				31FD8FB62BFA694F00F03252 /* PBXTargetDependency */,
			);
			name = "swiftui-movie-matchUITests";
			productName = "swiftui-movie-matchUITests";
			productReference = 31FD8FB42BFA694F00F03252 /* swiftui-movie-matchUITests.xctest */;
			productType = "com.apple.product-type.bundle.ui-testing";
		};
/* End PBXNativeTarget section */

/* Begin PBXProject section */
		31FD8F902BFA694D00F03252 /* Project object */ = {
			isa = PBXProject;
			attributes = {
				BuildIndependentTargetsInParallel = 1;
				LastSwiftUpdateCheck = 1540;
				LastUpgradeCheck = 1540;
				TargetAttributes = {
					31D2E28F2BFF780300C0AD63 = {
						CreatedOnToolsVersion = 15.4;
					};
					31FD8F972BFA694D00F03252 = {
						CreatedOnToolsVersion = 15.4;
					};
					31FD8FA92BFA694F00F03252 = {
						CreatedOnToolsVersion = 15.4;
						TestTargetID = 31FD8F972BFA694D00F03252;
					};
					31FD8FB32BFA694F00F03252 = {
						CreatedOnToolsVersion = 15.4;
						TestTargetID = 31FD8F972BFA694D00F03252;
					};
				};
			};
			buildConfigurationList = 31FD8F932BFA694D00F03252 /* Build configuration list for PBXProject "swiftui-movie-match" */;
			compatibilityVersion = "Xcode 14.0";
			developmentRegion = en;
			hasScannedForEncodings = 0;
			knownRegions = (
				en,
				Base,
				sv,
				ko,
			);
			mainGroup = 31FD8F8F2BFA694D00F03252;
			productRefGroup = 31FD8F992BFA694D00F03252 /* Products */;
			projectDirPath = "";
			projectRoot = "";
			targets = (
				31FD8F972BFA694D00F03252 /* swiftui-movie-match */,
				31FD8FA92BFA694F00F03252 /* swiftui-movie-matchTests */,
				31FD8FB32BFA694F00F03252 /* swiftui-movie-matchUITests */,
				31D2E28F2BFF780300C0AD63 /* WidgetsExtension */,
			);
		};
/* End PBXProject section */

/* Begin PBXResourcesBuildPhase section */
		31D2E28E2BFF780300C0AD63 /* Resources */ = {
			isa = PBXResourcesBuildPhase;
			buildActionMask = 2147483647;
			files = (
				31D2E2A02BFF780500C0AD63 /* Assets.xcassets in Resources */,
			);
			runOnlyForDeploymentPostprocessing = 0;
		};
		31FD8F962BFA694D00F03252 /* Resources */ = {
			isa = PBXResourcesBuildPhase;
			buildActionMask = 2147483647;
			files = (
				31FD8FA52BFA694F00F03252 /* Preview Assets.xcassets in Resources */,
				31F7C8C62BFF1B0700963FF5 /* Localizable.xcstrings in Resources */,
				31FD8FA22BFA694F00F03252 /* Assets.xcassets in Resources */,
			);
			runOnlyForDeploymentPostprocessing = 0;
		};
		31FD8FA82BFA694F00F03252 /* Resources */ = {
			isa = PBXResourcesBuildPhase;
			buildActionMask = 2147483647;
			files = (
			);
			runOnlyForDeploymentPostprocessing = 0;
		};
		31FD8FB22BFA694F00F03252 /* Resources */ = {
			isa = PBXResourcesBuildPhase;
			buildActionMask = 2147483647;
			files = (
			);
			runOnlyForDeploymentPostprocessing = 0;
		};
/* End PBXResourcesBuildPhase section */

/* Begin PBXSourcesBuildPhase section */
		31D2E28C2BFF780300C0AD63 /* Sources */ = {
			isa = PBXSourcesBuildPhase;
			buildActionMask = 2147483647;
			files = (
				31D2E29A2BFF780400C0AD63 /* WidgetsLiveActivity.swift in Sources */,
				31D2E29E2BFF780400C0AD63 /* AppIntent.swift in Sources */,
				31D2E29C2BFF780400C0AD63 /* Widgets.swift in Sources */,
				31D2E2982BFF780400C0AD63 /* WidgetsBundle.swift in Sources */,
			);
			runOnlyForDeploymentPostprocessing = 0;
		};
		31FD8F942BFA694D00F03252 /* Sources */ = {
			isa = PBXSourcesBuildPhase;
			buildActionMask = 2147483647;
			files = (
				31FD8FD82BFA813D00F03252 /* DecodingKey.swift in Sources */,
				31FD8FDE2BFA86E100F03252 /* MovieResponse.swift in Sources */,
				31FD8F9E2BFA694D00F03252 /* MainView.swift in Sources */,
				31B677462BFC9BA5005223DC /* DetailCardView.swift in Sources */,
				31F7C8C82BFF1F6400963FF5 /* LocaleIdentifier.swift in Sources */,
				31B677542BFD0AB2005223DC /* AppearanceMode.swift in Sources */,
				31D2E2872BFF58FC00C0AD63 /* Double+Ext.swift in Sources */,
				3181D1F92BFB2D9600C40722 /* DragState.swift in Sources */,
				3181D1F72BFB2D4E00C40722 /* AnyTransition+Ext.swift in Sources */,
				3181D1F12BFB2CD800C40722 /* TextModifier.swift in Sources */,
				31FD8FD62BFA813000F03252 /* QueryString+Ext.swift in Sources */,
				3181D2032BFB468B00C40722 /* MainHeaderView.swift in Sources */,
				31FD8FE12BFA8EA800F03252 /* MovieManager.swift in Sources */,
				3181D2012BFB43B900C40722 /* Color+Ext.swift in Sources */,
				31FD8FD32BFA802200F03252 /* APIs.swift in Sources */,
				31FD8FDC2BFA86CA00F03252 /* Movie.swift in Sources */,
				31B677442BFC81BC005223DC /* DetailView.swift in Sources */,
				31B677402BFC761F005223DC /* HeaderSwipeBar.swift in Sources */,
				31B677482BFCC8FE005223DC /* FavoriteHeaderView.swift in Sources */,
				31036C8D2BFA9C5F00604902 /* MainCardView.swift in Sources */,
				31036C902BFA9DEC00604902 /* String+Ext.swift in Sources */,
				3181D1F32BFB2CEC00C40722 /* ButtonModifier.swift in Sources */,
				31F7C8CA2BFF26AF00963FF5 /* Language.swift in Sources */,
				3181D1FF2BFB3EDB00C40722 /* MainFooterView.swift in Sources */,
				31B6773C2BFC7410005223DC /* FavoriteView.swift in Sources */,
				31D718432BFBEDCB00C00DC7 /* MovieDetail.swift in Sources */,
				31E8E3C32BFB7BE500841B95 /* FavoriteMovie.swift in Sources */,
				31FD8FD12BFA801600F03252 /* Request.swift in Sources */,
				31FD8F9C2BFA694D00F03252 /* swiftui_movie_matchApp.swift in Sources */,
				31FD8FC82BFA771E00F03252 /* Constants.swift in Sources */,
				31FD8FCF2BFA800500F03252 /* Endpoint.swift in Sources */,
				3181D1F52BFB2D0700C40722 /* SymbolModifier.swift in Sources */,
				31B677502BFCFCC4005223DC /* SettingsView.swift in Sources */,
				31B677422BFC7B1D005223DC /* MiniMovieCardButton.swift in Sources */,
			);
			runOnlyForDeploymentPostprocessing = 0;
		};
		31FD8FA62BFA694F00F03252 /* Sources */ = {
			isa = PBXSourcesBuildPhase;
			buildActionMask = 2147483647;
			files = (
				31B6774C2BFCE13A005223DC /* MovieManagerTests.swift in Sources */,
				31FD8FAF2BFA694F00F03252 /* swiftui_movie_matchTests.swift in Sources */,
			);
			runOnlyForDeploymentPostprocessing = 0;
		};
		31FD8FB02BFA694F00F03252 /* Sources */ = {
			isa = PBXSourcesBuildPhase;
			buildActionMask = 2147483647;
			files = (
				31FD8FB92BFA694F00F03252 /* swiftui_movie_matchUITests.swift in Sources */,
				31FD8FBB2BFA694F00F03252 /* swiftui_movie_matchUITestsLaunchTests.swift in Sources */,
			);
			runOnlyForDeploymentPostprocessing = 0;
		};
/* End PBXSourcesBuildPhase section */

/* Begin PBXTargetDependency section */
		31D2E2A32BFF780500C0AD63 /* PBXTargetDependency */ = {
			isa = PBXTargetDependency;
			target = 31D2E28F2BFF780300C0AD63 /* WidgetsExtension */;
			targetProxy = 31D2E2A22BFF780500C0AD63 /* PBXContainerItemProxy */;
		};
		31FD8FAC2BFA694F00F03252 /* PBXTargetDependency */ = {
			isa = PBXTargetDependency;
			target = 31FD8F972BFA694D00F03252 /* swiftui-movie-match */;
			targetProxy = 31FD8FAB2BFA694F00F03252 /* PBXContainerItemProxy */;
		};
		31FD8FB62BFA694F00F03252 /* PBXTargetDependency */ = {
			isa = PBXTargetDependency;
			target = 31FD8F972BFA694D00F03252 /* swiftui-movie-match */;
			targetProxy = 31FD8FB52BFA694F00F03252 /* PBXContainerItemProxy */;
		};
/* End PBXTargetDependency section */

/* Begin XCBuildConfiguration section */
		31D2E2A62BFF780500C0AD63 /* Debug */ = {
			isa = XCBuildConfiguration;
			buildSettings = {
				ASSETCATALOG_COMPILER_GLOBAL_ACCENT_COLOR_NAME = AccentColor;
				ASSETCATALOG_COMPILER_WIDGET_BACKGROUND_COLOR_NAME = WidgetBackground;
				CODE_SIGN_STYLE = Automatic;
				CURRENT_PROJECT_VERSION = 1;
				DEVELOPMENT_TEAM = 6E66L27LG6;
				GENERATE_INFOPLIST_FILE = YES;
				INFOPLIST_FILE = Widgets/Info.plist;
				INFOPLIST_KEY_CFBundleDisplayName = Widgets;
				INFOPLIST_KEY_NSHumanReadableCopyright = "";
				LD_RUNPATH_SEARCH_PATHS = (
					"$(inherited)",
					"@executable_path/Frameworks",
					"@executable_path/../../Frameworks",
				);
				MARKETING_VERSION = 1.0;
				PRODUCT_BUNDLE_IDENTIFIER = "com.samiparken.swiftui-movie-match.Widgets";
				PRODUCT_NAME = "$(TARGET_NAME)";
				SKIP_INSTALL = YES;
				SWIFT_EMIT_LOC_STRINGS = YES;
				SWIFT_VERSION = 5.0;
				TARGETED_DEVICE_FAMILY = "1,2";
			};
			name = Debug;
		};
		31D2E2A72BFF780500C0AD63 /* Release */ = {
			isa = XCBuildConfiguration;
			buildSettings = {
				ASSETCATALOG_COMPILER_GLOBAL_ACCENT_COLOR_NAME = AccentColor;
				ASSETCATALOG_COMPILER_WIDGET_BACKGROUND_COLOR_NAME = WidgetBackground;
				CODE_SIGN_STYLE = Automatic;
				CURRENT_PROJECT_VERSION = 1;
				DEVELOPMENT_TEAM = 6E66L27LG6;
				GENERATE_INFOPLIST_FILE = YES;
				INFOPLIST_FILE = Widgets/Info.plist;
				INFOPLIST_KEY_CFBundleDisplayName = Widgets;
				INFOPLIST_KEY_NSHumanReadableCopyright = "";
				LD_RUNPATH_SEARCH_PATHS = (
					"$(inherited)",
					"@executable_path/Frameworks",
					"@executable_path/../../Frameworks",
				);
				MARKETING_VERSION = 1.0;
				PRODUCT_BUNDLE_IDENTIFIER = "com.samiparken.swiftui-movie-match.Widgets";
				PRODUCT_NAME = "$(TARGET_NAME)";
				SKIP_INSTALL = YES;
				SWIFT_EMIT_LOC_STRINGS = YES;
				SWIFT_VERSION = 5.0;
				TARGETED_DEVICE_FAMILY = "1,2";
			};
			name = Release;
		};
		31FD8FBC2BFA694F00F03252 /* Debug */ = {
			isa = XCBuildConfiguration;
			buildSettings = {
				ALWAYS_SEARCH_USER_PATHS = NO;
				ASSETCATALOG_COMPILER_GENERATE_SWIFT_ASSET_SYMBOL_EXTENSIONS = YES;
				CLANG_ANALYZER_LOCALIZABILITY_NONLOCALIZED = YES;
				CLANG_ANALYZER_NONNULL = YES;
				CLANG_ANALYZER_NUMBER_OBJECT_CONVERSION = YES_AGGRESSIVE;
				CLANG_CXX_LANGUAGE_STANDARD = "gnu++20";
				CLANG_ENABLE_MODULES = YES;
				CLANG_ENABLE_OBJC_ARC = YES;
				CLANG_ENABLE_OBJC_WEAK = YES;
				CLANG_WARN_BLOCK_CAPTURE_AUTORELEASING = YES;
				CLANG_WARN_BOOL_CONVERSION = YES;
				CLANG_WARN_COMMA = YES;
				CLANG_WARN_CONSTANT_CONVERSION = YES;
				CLANG_WARN_DEPRECATED_OBJC_IMPLEMENTATIONS = YES;
				CLANG_WARN_DIRECT_OBJC_ISA_USAGE = YES_ERROR;
				CLANG_WARN_DOCUMENTATION_COMMENTS = YES;
				CLANG_WARN_EMPTY_BODY = YES;
				CLANG_WARN_ENUM_CONVERSION = YES;
				CLANG_WARN_INFINITE_RECURSION = YES;
				CLANG_WARN_INT_CONVERSION = YES;
				CLANG_WARN_NON_LITERAL_NULL_CONVERSION = YES;
				CLANG_WARN_OBJC_IMPLICIT_RETAIN_SELF = YES;
				CLANG_WARN_OBJC_LITERAL_CONVERSION = YES;
				CLANG_WARN_OBJC_ROOT_CLASS = YES_ERROR;
				CLANG_WARN_QUOTED_INCLUDE_IN_FRAMEWORK_HEADER = YES;
				CLANG_WARN_RANGE_LOOP_ANALYSIS = YES;
				CLANG_WARN_STRICT_PROTOTYPES = YES;
				CLANG_WARN_SUSPICIOUS_MOVE = YES;
				CLANG_WARN_UNGUARDED_AVAILABILITY = YES_AGGRESSIVE;
				CLANG_WARN_UNREACHABLE_CODE = YES;
				CLANG_WARN__DUPLICATE_METHOD_MATCH = YES;
				COPY_PHASE_STRIP = NO;
				DEBUG_INFORMATION_FORMAT = dwarf;
				ENABLE_STRICT_OBJC_MSGSEND = YES;
				ENABLE_TESTABILITY = YES;
				ENABLE_USER_SCRIPT_SANDBOXING = YES;
				GCC_C_LANGUAGE_STANDARD = gnu17;
				GCC_DYNAMIC_NO_PIC = NO;
				GCC_NO_COMMON_BLOCKS = YES;
				GCC_OPTIMIZATION_LEVEL = 0;
				GCC_PREPROCESSOR_DEFINITIONS = (
					"DEBUG=1",
					"$(inherited)",
				);
				GCC_WARN_64_TO_32_BIT_CONVERSION = YES;
				GCC_WARN_ABOUT_RETURN_TYPE = YES_ERROR;
				GCC_WARN_UNDECLARED_SELECTOR = YES;
				GCC_WARN_UNINITIALIZED_AUTOS = YES_AGGRESSIVE;
				GCC_WARN_UNUSED_FUNCTION = YES;
				GCC_WARN_UNUSED_VARIABLE = YES;
				IPHONEOS_DEPLOYMENT_TARGET = 17.5;
				LOCALIZATION_PREFERS_STRING_CATALOGS = YES;
				MTL_ENABLE_DEBUG_INFO = INCLUDE_SOURCE;
				MTL_FAST_MATH = YES;
				ONLY_ACTIVE_ARCH = YES;
				SDKROOT = iphoneos;
				SWIFT_ACTIVE_COMPILATION_CONDITIONS = "DEBUG $(inherited)";
				SWIFT_OPTIMIZATION_LEVEL = "-Onone";
			};
			name = Debug;
		};
		31FD8FBD2BFA694F00F03252 /* Release */ = {
			isa = XCBuildConfiguration;
			buildSettings = {
				ALWAYS_SEARCH_USER_PATHS = NO;
				ASSETCATALOG_COMPILER_GENERATE_SWIFT_ASSET_SYMBOL_EXTENSIONS = YES;
				CLANG_ANALYZER_LOCALIZABILITY_NONLOCALIZED = YES;
				CLANG_ANALYZER_NONNULL = YES;
				CLANG_ANALYZER_NUMBER_OBJECT_CONVERSION = YES_AGGRESSIVE;
				CLANG_CXX_LANGUAGE_STANDARD = "gnu++20";
				CLANG_ENABLE_MODULES = YES;
				CLANG_ENABLE_OBJC_ARC = YES;
				CLANG_ENABLE_OBJC_WEAK = YES;
				CLANG_WARN_BLOCK_CAPTURE_AUTORELEASING = YES;
				CLANG_WARN_BOOL_CONVERSION = YES;
				CLANG_WARN_COMMA = YES;
				CLANG_WARN_CONSTANT_CONVERSION = YES;
				CLANG_WARN_DEPRECATED_OBJC_IMPLEMENTATIONS = YES;
				CLANG_WARN_DIRECT_OBJC_ISA_USAGE = YES_ERROR;
				CLANG_WARN_DOCUMENTATION_COMMENTS = YES;
				CLANG_WARN_EMPTY_BODY = YES;
				CLANG_WARN_ENUM_CONVERSION = YES;
				CLANG_WARN_INFINITE_RECURSION = YES;
				CLANG_WARN_INT_CONVERSION = YES;
				CLANG_WARN_NON_LITERAL_NULL_CONVERSION = YES;
				CLANG_WARN_OBJC_IMPLICIT_RETAIN_SELF = YES;
				CLANG_WARN_OBJC_LITERAL_CONVERSION = YES;
				CLANG_WARN_OBJC_ROOT_CLASS = YES_ERROR;
				CLANG_WARN_QUOTED_INCLUDE_IN_FRAMEWORK_HEADER = YES;
				CLANG_WARN_RANGE_LOOP_ANALYSIS = YES;
				CLANG_WARN_STRICT_PROTOTYPES = YES;
				CLANG_WARN_SUSPICIOUS_MOVE = YES;
				CLANG_WARN_UNGUARDED_AVAILABILITY = YES_AGGRESSIVE;
				CLANG_WARN_UNREACHABLE_CODE = YES;
				CLANG_WARN__DUPLICATE_METHOD_MATCH = YES;
				COPY_PHASE_STRIP = NO;
				DEBUG_INFORMATION_FORMAT = "dwarf-with-dsym";
				ENABLE_NS_ASSERTIONS = NO;
				ENABLE_STRICT_OBJC_MSGSEND = YES;
				ENABLE_USER_SCRIPT_SANDBOXING = YES;
				GCC_C_LANGUAGE_STANDARD = gnu17;
				GCC_NO_COMMON_BLOCKS = YES;
				GCC_WARN_64_TO_32_BIT_CONVERSION = YES;
				GCC_WARN_ABOUT_RETURN_TYPE = YES_ERROR;
				GCC_WARN_UNDECLARED_SELECTOR = YES;
				GCC_WARN_UNINITIALIZED_AUTOS = YES_AGGRESSIVE;
				GCC_WARN_UNUSED_FUNCTION = YES;
				GCC_WARN_UNUSED_VARIABLE = YES;
				IPHONEOS_DEPLOYMENT_TARGET = 17.5;
				LOCALIZATION_PREFERS_STRING_CATALOGS = YES;
				MTL_ENABLE_DEBUG_INFO = NO;
				MTL_FAST_MATH = YES;
				SDKROOT = iphoneos;
				SWIFT_COMPILATION_MODE = wholemodule;
				VALIDATE_PRODUCT = YES;
			};
			name = Release;
		};
		31FD8FBF2BFA694F00F03252 /* Debug */ = {
			isa = XCBuildConfiguration;
			buildSettings = {
				ALWAYS_EMBED_SWIFT_STANDARD_LIBRARIES = YES;
				ASSETCATALOG_COMPILER_APPICON_NAME = AppIcon;
				ASSETCATALOG_COMPILER_GLOBAL_ACCENT_COLOR_NAME = AccentColor;
				CODE_SIGN_STYLE = Automatic;
				CURRENT_PROJECT_VERSION = 1;
				DEVELOPMENT_ASSET_PATHS = "\"swiftui-movie-match/Preview Content\"";
				DEVELOPMENT_TEAM = 6E66L27LG6;
				ENABLE_PREVIEWS = YES;
				GENERATE_INFOPLIST_FILE = YES;
				INFOPLIST_KEY_UIApplicationSceneManifest_Generation = YES;
				INFOPLIST_KEY_UIApplicationSupportsIndirectInputEvents = YES;
				INFOPLIST_KEY_UILaunchScreen_Generation = YES;
				INFOPLIST_KEY_UISupportedInterfaceOrientations = UIInterfaceOrientationPortrait;
				LD_RUNPATH_SEARCH_PATHS = (
					"$(inherited)",
					"@executable_path/Frameworks",
				);
				MARKETING_VERSION = 1.0;
				PRODUCT_BUNDLE_IDENTIFIER = "com.samiparken.swiftui-movie-match";
				PRODUCT_NAME = "$(TARGET_NAME)";
				SWIFT_EMIT_LOC_STRINGS = YES;
				SWIFT_VERSION = 5.0;
				TARGETED_DEVICE_FAMILY = "1,2";
			};
			name = Debug;
		};
		31FD8FC02BFA694F00F03252 /* Release */ = {
			isa = XCBuildConfiguration;
			buildSettings = {
				ALWAYS_EMBED_SWIFT_STANDARD_LIBRARIES = YES;
				ASSETCATALOG_COMPILER_APPICON_NAME = AppIcon;
				ASSETCATALOG_COMPILER_GLOBAL_ACCENT_COLOR_NAME = AccentColor;
				CODE_SIGN_STYLE = Automatic;
				CURRENT_PROJECT_VERSION = 1;
				DEVELOPMENT_ASSET_PATHS = "\"swiftui-movie-match/Preview Content\"";
				DEVELOPMENT_TEAM = 6E66L27LG6;
				ENABLE_PREVIEWS = YES;
				GENERATE_INFOPLIST_FILE = YES;
				INFOPLIST_KEY_UIApplicationSceneManifest_Generation = YES;
				INFOPLIST_KEY_UIApplicationSupportsIndirectInputEvents = YES;
				INFOPLIST_KEY_UILaunchScreen_Generation = YES;
				INFOPLIST_KEY_UISupportedInterfaceOrientations = UIInterfaceOrientationPortrait;
				LD_RUNPATH_SEARCH_PATHS = (
					"$(inherited)",
					"@executable_path/Frameworks",
				);
				MARKETING_VERSION = 1.0;
				PRODUCT_BUNDLE_IDENTIFIER = "com.samiparken.swiftui-movie-match";
				PRODUCT_NAME = "$(TARGET_NAME)";
				SWIFT_EMIT_LOC_STRINGS = YES;
				SWIFT_VERSION = 5.0;
				TARGETED_DEVICE_FAMILY = "1,2";
			};
			name = Release;
		};
		31FD8FC22BFA694F00F03252 /* Debug */ = {
			isa = XCBuildConfiguration;
			buildSettings = {
				ALWAYS_EMBED_SWIFT_STANDARD_LIBRARIES = YES;
				BUNDLE_LOADER = "$(TEST_HOST)";
				CODE_SIGN_IDENTITY = "Apple Development";
				"CODE_SIGN_IDENTITY[sdk=macosx*]" = "-";
				CODE_SIGN_STYLE = Automatic;
				CURRENT_PROJECT_VERSION = 1;
				DEVELOPMENT_TEAM = 6E66L27LG6;
				GENERATE_INFOPLIST_FILE = YES;
				IPHONEOS_DEPLOYMENT_TARGET = 17.5;
				MARKETING_VERSION = 1.0;
				PRODUCT_BUNDLE_IDENTIFIER = "com.samiparken.swiftui-movie-match";
				PRODUCT_NAME = "$(TARGET_NAME)";
				PROVISIONING_PROFILE_SPECIFIER = "";
				SUPPORTED_PLATFORMS = "iphoneos iphonesimulator";
				SUPPORTS_MACCATALYST = NO;
				SUPPORTS_MAC_DESIGNED_FOR_IPHONE_IPAD = NO;
				SUPPORTS_XR_DESIGNED_FOR_IPHONE_IPAD = NO;
				SWIFT_EMIT_LOC_STRINGS = NO;
				SWIFT_VERSION = 5.0;
				TARGETED_DEVICE_FAMILY = 1;
				TEST_HOST = "$(BUILT_PRODUCTS_DIR)/swiftui-movie-match.app/$(BUNDLE_EXECUTABLE_FOLDER_PATH)/swiftui-movie-match";
			};
			name = Debug;
		};
		31FD8FC32BFA694F00F03252 /* Release */ = {
			isa = XCBuildConfiguration;
			buildSettings = {
				ALWAYS_EMBED_SWIFT_STANDARD_LIBRARIES = YES;
				BUNDLE_LOADER = "$(TEST_HOST)";
				CODE_SIGN_IDENTITY = "Apple Development";
				"CODE_SIGN_IDENTITY[sdk=macosx*]" = "-";
				CODE_SIGN_STYLE = Automatic;
				CURRENT_PROJECT_VERSION = 1;
				DEVELOPMENT_TEAM = 6E66L27LG6;
				GENERATE_INFOPLIST_FILE = YES;
				IPHONEOS_DEPLOYMENT_TARGET = 17.5;
				MARKETING_VERSION = 1.0;
				PRODUCT_BUNDLE_IDENTIFIER = "com.samiparken.swiftui-movie-match";
				PRODUCT_NAME = "$(TARGET_NAME)";
				PROVISIONING_PROFILE_SPECIFIER = "";
				SUPPORTED_PLATFORMS = "iphoneos iphonesimulator";
				SUPPORTS_MACCATALYST = NO;
				SUPPORTS_MAC_DESIGNED_FOR_IPHONE_IPAD = NO;
				SUPPORTS_XR_DESIGNED_FOR_IPHONE_IPAD = NO;
				SWIFT_EMIT_LOC_STRINGS = NO;
				SWIFT_VERSION = 5.0;
				TARGETED_DEVICE_FAMILY = 1;
				TEST_HOST = "$(BUILT_PRODUCTS_DIR)/swiftui-movie-match.app/$(BUNDLE_EXECUTABLE_FOLDER_PATH)/swiftui-movie-match";
			};
			name = Release;
		};
		31FD8FC52BFA694F00F03252 /* Debug */ = {
			isa = XCBuildConfiguration;
			buildSettings = {
				ALWAYS_EMBED_SWIFT_STANDARD_LIBRARIES = YES;
				"CODE_SIGN_IDENTITY[sdk=macosx*]" = "-";
				CODE_SIGN_STYLE = Automatic;
				CURRENT_PROJECT_VERSION = 1;
				DEVELOPMENT_TEAM = 6E66L27LG6;
				GENERATE_INFOPLIST_FILE = YES;
				MARKETING_VERSION = 1.0;
				PRODUCT_BUNDLE_IDENTIFIER = "com.samiparken.swiftui-movie-match";
				PRODUCT_NAME = "$(TARGET_NAME)";
				SUPPORTED_PLATFORMS = "iphoneos iphonesimulator";
				SUPPORTS_MACCATALYST = NO;
				SUPPORTS_MAC_DESIGNED_FOR_IPHONE_IPAD = NO;
				SUPPORTS_XR_DESIGNED_FOR_IPHONE_IPAD = NO;
				SWIFT_EMIT_LOC_STRINGS = NO;
				SWIFT_VERSION = 5.0;
				TARGETED_DEVICE_FAMILY = 1;
				TEST_TARGET_NAME = "swiftui-movie-match";
			};
			name = Debug;
		};
		31FD8FC62BFA694F00F03252 /* Release */ = {
			isa = XCBuildConfiguration;
			buildSettings = {
				ALWAYS_EMBED_SWIFT_STANDARD_LIBRARIES = YES;
				"CODE_SIGN_IDENTITY[sdk=macosx*]" = "-";
				CODE_SIGN_STYLE = Automatic;
				CURRENT_PROJECT_VERSION = 1;
				DEVELOPMENT_TEAM = 6E66L27LG6;
				GENERATE_INFOPLIST_FILE = YES;
				MARKETING_VERSION = 1.0;
				PRODUCT_BUNDLE_IDENTIFIER = "com.samiparken.swiftui-movie-match";
				PRODUCT_NAME = "$(TARGET_NAME)";
				SUPPORTED_PLATFORMS = "iphoneos iphonesimulator";
				SUPPORTS_MACCATALYST = NO;
				SUPPORTS_MAC_DESIGNED_FOR_IPHONE_IPAD = NO;
				SUPPORTS_XR_DESIGNED_FOR_IPHONE_IPAD = NO;
				SWIFT_EMIT_LOC_STRINGS = NO;
				SWIFT_VERSION = 5.0;
				TARGETED_DEVICE_FAMILY = 1;
				TEST_TARGET_NAME = "swiftui-movie-match";
			};
			name = Release;
		};
/* End XCBuildConfiguration section */

/* Begin XCConfigurationList section */
		31D2E2A52BFF780500C0AD63 /* Build configuration list for PBXNativeTarget "WidgetsExtension" */ = {
			isa = XCConfigurationList;
			buildConfigurations = (
				31D2E2A62BFF780500C0AD63 /* Debug */,
				31D2E2A72BFF780500C0AD63 /* Release */,
			);
			defaultConfigurationIsVisible = 0;
			defaultConfigurationName = Release;
		};
		31FD8F932BFA694D00F03252 /* Build configuration list for PBXProject "swiftui-movie-match" */ = {
			isa = XCConfigurationList;
			buildConfigurations = (
				31FD8FBC2BFA694F00F03252 /* Debug */,
				31FD8FBD2BFA694F00F03252 /* Release */,
			);
			defaultConfigurationIsVisible = 0;
			defaultConfigurationName = Release;
		};
		31FD8FBE2BFA694F00F03252 /* Build configuration list for PBXNativeTarget "swiftui-movie-match" */ = {
			isa = XCConfigurationList;
			buildConfigurations = (
				31FD8FBF2BFA694F00F03252 /* Debug */,
				31FD8FC02BFA694F00F03252 /* Release */,
			);
			defaultConfigurationIsVisible = 0;
			defaultConfigurationName = Release;
		};
		31FD8FC12BFA694F00F03252 /* Build configuration list for PBXNativeTarget "swiftui-movie-matchTests" */ = {
			isa = XCConfigurationList;
			buildConfigurations = (
				31FD8FC22BFA694F00F03252 /* Debug */,
				31FD8FC32BFA694F00F03252 /* Release */,
			);
			defaultConfigurationIsVisible = 0;
			defaultConfigurationName = Release;
		};
		31FD8FC42BFA694F00F03252 /* Build configuration list for PBXNativeTarget "swiftui-movie-matchUITests" */ = {
			isa = XCConfigurationList;
			buildConfigurations = (
				31FD8FC52BFA694F00F03252 /* Debug */,
				31FD8FC62BFA694F00F03252 /* Release */,
			);
			defaultConfigurationIsVisible = 0;
			defaultConfigurationName = Release;
		};
/* End XCConfigurationList section */
	};
	rootObject = 31FD8F902BFA694D00F03252 /* Project object */;
}
